// !$*UTF8*$!
{
	archiveVersion = 1;
	classes = {
	};
	objectVersion = 46;
	objects = {

/* Begin PBXBuildFile section */
		11BBBDF7199ABBBE0038950F /* AppDelegate.swift in Sources */ = {isa = PBXBuildFile; fileRef = 11BBBDF3199ABBBE0038950F /* AppDelegate.swift */; };
		11BBBDF8199ABBBE0038950F /* Info.plist in Resources */ = {isa = PBXBuildFile; fileRef = 11BBBDF4199ABBBE0038950F /* Info.plist */; };
		11BBBDF9199ABBBE0038950F /* main.swift in Sources */ = {isa = PBXBuildFile; fileRef = 11BBBDF5199ABBBE0038950F /* main.swift */; };
		11BBBDFA199ABBBE0038950F /* Timer.swift in Sources */ = {isa = PBXBuildFile; fileRef = 11BBBDF6199ABBBE0038950F /* Timer.swift */; };
/* End PBXBuildFile section */

/* Begin PBXFileReference section */
		11BBBDF3199ABBBE0038950F /* AppDelegate.swift */ = {isa = PBXFileReference; fileEncoding = 4; lastKnownFileType = sourcecode.swift; path = AppDelegate.swift; sourceTree = "<group>"; };
		11BBBDF4199ABBBE0038950F /* Info.plist */ = {isa = PBXFileReference; fileEncoding = 4; lastKnownFileType = text.plist.xml; path = Info.plist; sourceTree = "<group>"; };
		11BBBDF5199ABBBE0038950F /* main.swift */ = {isa = PBXFileReference; fileEncoding = 4; lastKnownFileType = sourcecode.swift; path = main.swift; sourceTree = "<group>"; };
		11BBBDF6199ABBBE0038950F /* Timer.swift */ = {isa = PBXFileReference; fileEncoding = 4; lastKnownFileType = sourcecode.swift; name = Timer.swift; path = ../Timer.swift; sourceTree = "<group>"; };
		11C9C39B1987281400E68415 /* TimerExample.app */ = {isa = PBXFileReference; explicitFileType = wrapper.application; includeInIndex = 0; path = TimerExample.app; sourceTree = BUILT_PRODUCTS_DIR; };
/* End PBXFileReference section */

/* Begin PBXFrameworksBuildPhase section */
		11C9C3981987281400E68415 /* Frameworks */ = {
			isa = PBXFrameworksBuildPhase;
			buildActionMask = 2147483647;
			files = (
			);
			runOnlyForDeploymentPostprocessing = 0;
		};
/* End PBXFrameworksBuildPhase section */

/* Begin PBXGroup section */
		11BBBDFB199ABBD70038950F /* Supporting Files */ = {
			isa = PBXGroup;
			children = (
				11BBBDF3199ABBBE0038950F /* AppDelegate.swift */,
				11BBBDF4199ABBBE0038950F /* Info.plist */,
			);
			name = "Supporting Files";
			sourceTree = "<group>";
		};
		11C9C3921987281300E68415 = {
			isa = PBXGroup;
			children = (
				11BBBDF5199ABBBE0038950F /* main.swift */,
				11BBBDF6199ABBBE0038950F /* Timer.swift */,
				11BBBDFB199ABBD70038950F /* Supporting Files */,
				11C9C39C1987281400E68415 /* Products */,
			);
			sourceTree = "<group>";
		};
		11C9C39C1987281400E68415 /* Products */ = {
			isa = PBXGroup;
			children = (
				11C9C39B1987281400E68415 /* TimerExample.app */,
			);
			name = Products;
			sourceTree = "<group>";
		};
/* End PBXGroup section */

/* Begin PBXNativeTarget section */
		11C9C39A1987281400E68415 /* TimerExample */ = {
			isa = PBXNativeTarget;
			buildConfigurationList = 11C9C3B71987281400E68415 /* Build configuration list for PBXNativeTarget "TimerExample" */;
			buildPhases = (
				11C9C3971987281400E68415 /* Sources */,
				11C9C3981987281400E68415 /* Frameworks */,
				11C9C3991987281400E68415 /* Resources */,
			);
			buildRules = (
			);
			dependencies = (
			);
			name = TimerExample;
			productName = TimerExample;
			productReference = 11C9C39B1987281400E68415 /* TimerExample.app */;
			productType = "com.apple.product-type.application";
		};
/* End PBXNativeTarget section */

/* Begin PBXProject section */
		11C9C3931987281300E68415 /* Project object */ = {
			isa = PBXProject;
			attributes = {
				LastUpgradeCheck = 0600;
				ORGANIZATIONNAME = Example;
				TargetAttributes = {
					11C9C39A1987281400E68415 = {
						CreatedOnToolsVersion = 6.0;
					};
				};
			};
			buildConfigurationList = 11C9C3961987281300E68415 /* Build configuration list for PBXProject "TimerExample" */;
			compatibilityVersion = "Xcode 3.2";
			developmentRegion = English;
			hasScannedForEncodings = 0;
			knownRegions = (
				en,
				Base,
			);
			mainGroup = 11C9C3921987281300E68415;
			productRefGroup = 11C9C39C1987281400E68415 /* Products */;
			projectDirPath = "";
			projectRoot = "";
			targets = (
				11C9C39A1987281400E68415 /* TimerExample */,
			);
		};
/* End PBXProject section */

/* Begin PBXResourcesBuildPhase section */
		11C9C3991987281400E68415 /* Resources */ = {
			isa = PBXResourcesBuildPhase;
			buildActionMask = 2147483647;
			files = (
				11BBBDF8199ABBBE0038950F /* Info.plist in Resources */,
			);
			runOnlyForDeploymentPostprocessing = 0;
		};
/* End PBXResourcesBuildPhase section */

/* Begin PBXSourcesBuildPhase section */
		11C9C3971987281400E68415 /* Sources */ = {
			isa = PBXSourcesBuildPhase;
			buildActionMask = 2147483647;
			files = (
				11BBBDFA199ABBBE0038950F /* Timer.swift in Sources */,
				11BBBDF9199ABBBE0038950F /* main.swift in Sources */,
				11BBBDF7199ABBBE0038950F /* AppDelegate.swift in Sources */,
			);
			runOnlyForDeploymentPostprocessing = 0;
		};
/* End PBXSourcesBuildPhase section */

/* Begin XCBuildConfiguration section */
		11C9C3B51987281400E68415 /* Debug */ = {
			isa = XCBuildConfiguration;
			buildSettings = {
				ALWAYS_SEARCH_USER_PATHS = NO;
				CLANG_CXX_LANGUAGE_STANDARD = "gnu++0x";
				CLANG_CXX_LIBRARY = "libc++";
				CLANG_ENABLE_MODULES = YES;
				CLANG_ENABLE_OBJC_ARC = YES;
				CLANG_WARN_BOOL_CONVERSION = YES;
				CLANG_WARN_CONSTANT_CONVERSION = YES;
				CLANG_WARN_DIRECT_OBJC_ISA_USAGE = YES_ERROR;
				CLANG_WARN_EMPTY_BODY = YES;
				CLANG_WARN_ENUM_CONVERSION = YES;
				CLANG_WARN_INT_CONVERSION = YES;
				CLANG_WARN_OBJC_ROOT_CLASS = YES_ERROR;
				CLANG_WARN_UNREACHABLE_CODE = YES;
				CLANG_WARN__DUPLICATE_METHOD_MATCH = YES;
				"CODE_SIGN_IDENTITY[sdk=iphoneos*]" = "iPhone Developer";
				COPY_PHASE_STRIP = NO;
				ENABLE_STRICT_OBJC_MSGSEND = YES;
				GCC_C_LANGUAGE_STANDARD = gnu99;
				GCC_DYNAMIC_NO_PIC = NO;
				GCC_OPTIMIZATION_LEVEL = 0;
				GCC_PREPROCESSOR_DEFINITIONS = (
					"DEBUG=1",
					"$(inherited)",
				);
				GCC_SYMBOLS_PRIVATE_EXTERN = NO;
				GCC_WARN_64_TO_32_BIT_CONVERSION = YES;
				GCC_WARN_ABOUT_RETURN_TYPE = YES_ERROR;
				GCC_WARN_UNDECLARED_SELECTOR = YES;
				GCC_WARN_UNINITIALIZED_AUTOS = YES_AGGRESSIVE;
				GCC_WARN_UNUSED_FUNCTION = YES;
				GCC_WARN_UNUSED_VARIABLE = YES;
				IPHONEOS_DEPLOYMENT_TARGET = 8.0;
				MTL_ENABLE_DEBUG_INFO = YES;
				ONLY_ACTIVE_ARCH = YES;
				SDKROOT = iphoneos;
				SWIFT_OPTIMIZATION_LEVEL = "-Onone";
			};
			name = Debug;
		};
		11C9C3B61987281400E68415 /* Release */ = {
			isa = XCBuildConfiguration;
			buildSettings = {
				ALWAYS_SEARCH_USER_PATHS = NO;
				CLANG_CXX_LANGUAGE_STANDARD = "gnu++0x";
				CLANG_CXX_LIBRARY = "libc++";
				CLANG_ENABLE_MODULES = YES;
				CLANG_ENABLE_OBJC_ARC = YES;
				CLANG_WARN_BOOL_CONVERSION = YES;
				CLANG_WARN_CONSTANT_CONVERSION = YES;
				CLANG_WARN_DIRECT_OBJC_ISA_USAGE = YES_ERROR;
				CLANG_WARN_EMPTY_BODY = YES;
				CLANG_WARN_ENUM_CONVERSION = YES;
				CLANG_WARN_INT_CONVERSION = YES;
				CLANG_WARN_OBJC_ROOT_CLASS = YES_ERROR;
				CLANG_WARN_UNREACHABLE_CODE = YES;
				CLANG_WARN__DUPLICATE_METHOD_MATCH = YES;
				"CODE_SIGN_IDENTITY[sdk=iphoneos*]" = "iPhone Developer";
				COPY_PHASE_STRIP = YES;
				ENABLE_NS_ASSERTIONS = NO;
				ENABLE_STRICT_OBJC_MSGSEND = YES;
				GCC_C_LANGUAGE_STANDARD = gnu99;
				GCC_WARN_64_TO_32_BIT_CONVERSION = YES;
				GCC_WARN_ABOUT_RETURN_TYPE = YES_ERROR;
				GCC_WARN_UNDECLARED_SELECTOR = YES;
				GCC_WARN_UNINITIALIZED_AUTOS = YES_AGGRESSIVE;
				GCC_WARN_UNUSED_FUNCTION = YES;
				GCC_WARN_UNUSED_VARIABLE = YES;
				IPHONEOS_DEPLOYMENT_TARGET = 8.0;
				MTL_ENABLE_DEBUG_INFO = NO;
				SDKROOT = iphoneos;
				VALIDATE_PRODUCT = YES;
			};
			name = Release;
		};
		11C9C3B81987281400E68415 /* Debug */ = {
			isa = XCBuildConfiguration;
			buildSettings = {
				ASSETCATALOG_COMPILER_APPICON_NAME = AppIcon;
				ASSETCATALOG_COMPILER_LAUNCHIMAGE_NAME = LaunchImage;
				INFOPLIST_FILE = "$(SRCROOT)/Info.plist";
				LD_RUNPATH_SEARCH_PATHS = "$(inherited) @executable_path/Frameworks";
				PRODUCT_NAME = "$(TARGET_NAME)";
			};
			name = Debug;
		};
		11C9C3B91987281400E68415 /* Release */ = {
			isa = XCBuildConfiguration;
			buildSettings = {
				ASSETCATALOG_COMPILER_APPICON_NAME = AppIcon;
				ASSETCATALOG_COMPILER_LAUNCHIMAGE_NAME = LaunchImage;
				INFOPLIST_FILE = "$(SRCROOT)/Info.plist";
				LD_RUNPATH_SEARCH_PATHS = "$(inherited) @executable_path/Frameworks";
				PRODUCT_NAME = "$(TARGET_NAME)";
			};
			name = Release;
		};
/* End XCBuildConfiguration section */

/* Begin XCConfigurationList section */
		11C9C3961987281300E68415 /* Build configuration list for PBXProject "TimerExample" */ = {
			isa = XCConfigurationList;
			buildConfigurations = (
				11C9C3B51987281400E68415 /* Debug */,
				11C9C3B61987281400E68415 /* Release */,
			);
			defaultConfigurationIsVisible = 0;
			defaultConfigurationName = Release;
		};
		11C9C3B71987281400E68415 /* Build configuration list for PBXNativeTarget "TimerExample" */ = {
			isa = XCConfigurationList;
			buildConfigurations = (
				11C9C3B81987281400E68415 /* Debug */,
				11C9C3B91987281400E68415 /* Release */,
			);
			defaultConfigurationIsVisible = 0;
			defaultConfigurationName = Release;
		};
/* End XCConfigurationList section */
	};
	rootObject = 11C9C3931987281300E68415 /* Project object */;
}
